
Microsoft Visual Studio Solution File, Format Version 12.00
# Visual Studio 14
VisualStudioVersion = 14.0.25123.0
MinimumVisualStudioVersion = 10.0.40219.1
Project("{E6674B80-6E85-4E85-978D-547482F05B5C}") = "Sitecore.Support.319956", "Sitecore.Support.319956\Sitecore.Support.319956.csproj", "{6A3E394F-5BA3-4E3F-895C-F94310E1AE1A}"
EndProject
Global
	GlobalSection(SolutionConfigurationPlatforms) = preSolution
		Debug|Any CPU = Debug|Any CPU
		Release|Any CPU = Release|Any CPU
	EndGlobalSection
	GlobalSection(ProjectConfigurationPlatforms) = postSolution
		{6A3E394F-5BA3-4E3F-895C-F94310E1AE1A}.Debug|Any CPU.ActiveCfg = Debug|Any CPU
		{6A3E394F-5BA3-4E3F-895C-F94310E1AE1A}.Debug|Any CPU.Build.0 = Debug|Any CPU
		{6A3E394F-5BA3-4E3F-895C-F94310E1AE1A}.Release|Any CPU.ActiveCfg = Release|Any CPU
		{6A3E394F-5BA3-4E3F-895C-F94310E1AE1A}.Release|Any CPU.Build.0 = Release|Any CPU
	EndGlobalSection
	GlobalSection(SolutionProperties) = preSolution
		HideSolutionNode = FALSE
	EndGlobalSection
EndGlobal
